
Microsoft Visual Studio Solution File, Format Version 12.00
# Visual Studio Version 16
VisualStudioVersion = 25.0.1705.0
MinimumVisualStudioVersion = 10.0.40219.1
Project("{FAE04EC0-301F-11D3-BF4B-00C04F79EFBC}") = "Cryptopals", "Cryptopals\Cryptopals.csproj", "{461FD490-DBE9-4066-AEAC-B709F5A7D418}"
EndProject
Project("{FAE04EC0-301F-11D3-BF4B-00C04F79EFBC}") = "Cryptopals-Tests", "Cryptopals-Tests\Cryptopals-Tests.csproj", "{2D92E001-EEBD-437C-BDCB-6C221659A0F3}"
EndProject
Global
	GlobalSection(SolutionConfigurationPlatforms) = preSolution
		Debug|Any CPU = Debug|Any CPU
		Release|Any CPU = Release|Any CPU
	EndGlobalSection
	GlobalSection(ProjectConfigurationPlatforms) = postSolution
		{461FD490-DBE9-4066-AEAC-B709F5A7D418}.Debug|Any CPU.ActiveCfg = Debug|Any CPU
		{461FD490-DBE9-4066-AEAC-B709F5A7D418}.Debug|Any CPU.Build.0 = Debug|Any CPU
		{461FD490-DBE9-4066-AEAC-B709F5A7D418}.Release|Any CPU.ActiveCfg = Release|Any CPU
		{461FD490-DBE9-4066-AEAC-B709F5A7D418}.Release|Any CPU.Build.0 = Release|Any CPU
		{2D92E001-EEBD-437C-BDCB-6C221659A0F3}.Debug|Any CPU.ActiveCfg = Debug|Any CPU
		{2D92E001-EEBD-437C-BDCB-6C221659A0F3}.Debug|Any CPU.Build.0 = Debug|Any CPU
		{2D92E001-EEBD-437C-BDCB-6C221659A0F3}.Release|Any CPU.ActiveCfg = Release|Any CPU
		{2D92E001-EEBD-437C-BDCB-6C221659A0F3}.Release|Any CPU.Build.0 = Release|Any CPU
	EndGlobalSection
	GlobalSection(SolutionProperties) = preSolution
		HideSolutionNode = FALSE
	EndGlobalSection
	GlobalSection(ExtensibilityGlobals) = postSolution
		SolutionGuid = {2A82A1AC-5722-4E06-931D-7F0D937FA1CD}
	EndGlobalSection
EndGlobal
